// !$*UTF8*$!
{
	archiveVersion = 1;
	classes = {
	};
	objectVersion = 50;
	objects = {

/* Begin PBXBuildFile section */
		BA48A4F4215292D80079B6BB /* main.cpp in Sources */ = {isa = PBXBuildFile; fileRef = BA48A4F3215292D80079B6BB /* main.cpp */; };
		BA72D355215B5010008B052C /* main.cpp in Sources */ = {isa = PBXBuildFile; fileRef = BA72D354215B5010008B052C /* main.cpp */; };
		BA72D359215B502D008B052C /* libGLEW.2.1.0.dylib in Frameworks */ = {isa = PBXBuildFile; fileRef = BA960C24214F9ED50035965C /* libGLEW.2.1.0.dylib */; };
		BA72D35A215B5044008B052C /* libglfw.3.2.dylib in Frameworks */ = {isa = PBXBuildFile; fileRef = BA960C26214F9EE50035965C /* libglfw.3.2.dylib */; };
		BA72D35D215B5152008B052C /* glad.c in Sources */ = {isa = PBXBuildFile; fileRef = BA72D35B215B514D008B052C /* glad.c */; };
		BA72D35F215B6288008B052C /* main_rgb.cpp in Sources */ = {isa = PBXBuildFile; fileRef = BA72D35E215B6288008B052C /* main_rgb.cpp */; };
		BA72D362215B67E5008B052C /* main_s.cpp in Sources */ = {isa = PBXBuildFile; fileRef = BA72D361215B67E5008B052C /* main_s.cpp */; };
		BA72D367215B9A8F008B052C /* test.cpp in Sources */ = {isa = PBXBuildFile; fileRef = BA72D366215B9A8F008B052C /* test.cpp */; };
		BA960C1B214F9E060035965C /* main.cpp in Sources */ = {isa = PBXBuildFile; fileRef = BA960C1A214F9E060035965C /* main.cpp */; };
		BA960C23214F9EC10035965C /* OpenGL.framework in Frameworks */ = {isa = PBXBuildFile; fileRef = BA960C22214F9EC10035965C /* OpenGL.framework */; };
		BA960C25214F9ED50035965C /* libGLEW.2.1.0.dylib in Frameworks */ = {isa = PBXBuildFile; fileRef = BA960C24214F9ED50035965C /* libGLEW.2.1.0.dylib */; };
		BA960C27214F9EE50035965C /* libglfw.3.2.dylib in Frameworks */ = {isa = PBXBuildFile; fileRef = BA960C26214F9EE50035965C /* libglfw.3.2.dylib */; };
		BA960C29214FDE890035965C /* glad.c in Sources */ = {isa = PBXBuildFile; fileRef = BA960C28214FDE880035965C /* glad.c */; };
		BA96DD482159F37B00577D1D /* main_rec.cpp in Sources */ = {isa = PBXBuildFile; fileRef = BA96DD472159F37B00577D1D /* main_rec.cpp */; };
		BA96DD4A2159FBB400577D1D /* test.cpp in Sources */ = {isa = PBXBuildFile; fileRef = BA96DD492159FBB400577D1D /* test.cpp */; };
		BABCF6172159C98C00204DDC /* glad.c in Sources */ = {isa = PBXBuildFile; fileRef = BABCF6162159C98C00204DDC /* glad.c */; };
		BABCF6182159CB2A00204DDC /* libglfw.3.2.dylib in Frameworks */ = {isa = PBXBuildFile; fileRef = BA960C26214F9EE50035965C /* libglfw.3.2.dylib */; };
		BABCF6192159CB3D00204DDC /* libGLEW.2.1.0.dylib in Frameworks */ = {isa = PBXBuildFile; fileRef = BA960C24214F9ED50035965C /* libGLEW.2.1.0.dylib */; };
/* End PBXBuildFile section */

/* Begin PBXCopyFilesBuildPhase section */
		BA48A4EF215292D80079B6BB /* CopyFiles */ = {
			isa = PBXCopyFilesBuildPhase;
			buildActionMask = 2147483647;
			dstPath = /usr/share/man/man1/;
			dstSubfolderSpec = 0;
			files = (
			);
			runOnlyForDeploymentPostprocessing = 1;
		};
		BA72D350215B500F008B052C /* CopyFiles */ = {
			isa = PBXCopyFilesBuildPhase;
			buildActionMask = 2147483647;
			dstPath = /usr/share/man/man1/;
			dstSubfolderSpec = 0;
			files = (
			);
			runOnlyForDeploymentPostprocessing = 1;
		};
		BA960C15214F9E060035965C /* CopyFiles */ = {
			isa = PBXCopyFilesBuildPhase;
			buildActionMask = 2147483647;
			dstPath = /usr/share/man/man1/;
			dstSubfolderSpec = 0;
			files = (
			);
			runOnlyForDeploymentPostprocessing = 1;
		};
		BA960C2C214FE13D0035965C /* CopyFiles */ = {
			isa = PBXCopyFilesBuildPhase;
			buildActionMask = 2147483647;
			dstPath = /usr/share/man/man1/;
			dstSubfolderSpec = 0;
			files = (
			);
			runOnlyForDeploymentPostprocessing = 1;
		};
/* End PBXCopyFilesBuildPhase section */

/* Begin PBXFileReference section */
		BA48A4F1215292D80079B6BB /* Triangle */ = {isa = PBXFileReference; explicitFileType = "compiled.mach-o.executable"; includeInIndex = 0; path = Triangle; sourceTree = BUILT_PRODUCTS_DIR; };
		BA48A4F3215292D80079B6BB /* main.cpp */ = {isa = PBXFileReference; lastKnownFileType = sourcecode.cpp.cpp; path = main.cpp; sourceTree = "<group>"; };
		BA72D352215B500F008B052C /* Shaders */ = {isa = PBXFileReference; explicitFileType = "compiled.mach-o.executable"; includeInIndex = 0; path = Shaders; sourceTree = BUILT_PRODUCTS_DIR; };
		BA72D354215B5010008B052C /* main.cpp */ = {isa = PBXFileReference; lastKnownFileType = sourcecode.cpp.cpp; path = main.cpp; sourceTree = "<group>"; };
		BA72D35B215B514D008B052C /* glad.c */ = {isa = PBXFileReference; lastKnownFileType = sourcecode.c.c; path = glad.c; sourceTree = "<group>"; };
		BA72D35E215B6288008B052C /* main_rgb.cpp */ = {isa = PBXFileReference; lastKnownFileType = sourcecode.cpp.cpp; path = main_rgb.cpp; sourceTree = "<group>"; };
		BA72D360215B67AD008B052C /* shader_s.h */ = {isa = PBXFileReference; lastKnownFileType = sourcecode.c.h; path = shader_s.h; sourceTree = "<group>"; };
		BA72D361215B67E5008B052C /* main_s.cpp */ = {isa = PBXFileReference; lastKnownFileType = sourcecode.cpp.cpp; path = main_s.cpp; sourceTree = "<group>"; };
		BA72D366215B9A8F008B052C /* test.cpp */ = {isa = PBXFileReference; lastKnownFileType = sourcecode.cpp.cpp; path = test.cpp; sourceTree = "<group>"; };
		BA72D368215B9FAA008B052C /* shader.vs */ = {isa = PBXFileReference; fileEncoding = 4; lastKnownFileType = sourcecode.glsl; path = shader.vs; sourceTree = "<group>"; };
		BA72D369215B9FAA008B052C /* shader.fs */ = {isa = PBXFileReference; fileEncoding = 4; lastKnownFileType = sourcecode.glsl; path = shader.fs; sourceTree = "<group>"; };
		BA960C17214F9E060035965C /* LearnOpenGL */ = {isa = PBXFileReference; explicitFileType = "compiled.mach-o.executable"; includeInIndex = 0; path = LearnOpenGL; sourceTree = BUILT_PRODUCTS_DIR; };
		BA960C1A214F9E060035965C /* main.cpp */ = {isa = PBXFileReference; lastKnownFileType = sourcecode.cpp.cpp; path = main.cpp; sourceTree = "<group>"; };
		BA960C22214F9EC10035965C /* OpenGL.framework */ = {isa = PBXFileReference; lastKnownFileType = wrapper.framework; name = OpenGL.framework; path = System/Library/Frameworks/OpenGL.framework; sourceTree = SDKROOT; };
		BA960C24214F9ED50035965C /* libGLEW.2.1.0.dylib */ = {isa = PBXFileReference; lastKnownFileType = "compiled.mach-o.dylib"; name = libGLEW.2.1.0.dylib; path = ../../../../usr/local/Cellar/glew/2.1.0/lib/libGLEW.2.1.0.dylib; sourceTree = "<group>"; };
		BA960C26214F9EE50035965C /* libglfw.3.2.dylib */ = {isa = PBXFileReference; lastKnownFileType = "compiled.mach-o.dylib"; name = libglfw.3.2.dylib; path = ../../../../usr/local/Cellar/glfw/3.2.1/lib/libglfw.3.2.dylib; sourceTree = "<group>"; };
		BA960C28214FDE880035965C /* glad.c */ = {isa = PBXFileReference; fileEncoding = 4; lastKnownFileType = sourcecode.c.c; path = glad.c; sourceTree = "<group>"; };
		BA960C2E214FE13D0035965C /* testTarget */ = {isa = PBXFileReference; explicitFileType = "compiled.mach-o.executable"; includeInIndex = 0; path = testTarget; sourceTree = BUILT_PRODUCTS_DIR; };
		BA96DD472159F37B00577D1D /* main_rec.cpp */ = {isa = PBXFileReference; lastKnownFileType = sourcecode.cpp.cpp; path = main_rec.cpp; sourceTree = "<group>"; };
		BA96DD492159FBB400577D1D /* test.cpp */ = {isa = PBXFileReference; lastKnownFileType = sourcecode.cpp.cpp; path = test.cpp; sourceTree = "<group>"; };
		BABCF6162159C98C00204DDC /* glad.c */ = {isa = PBXFileReference; lastKnownFileType = sourcecode.c.c; path = glad.c; sourceTree = "<group>"; };
/* End PBXFileReference section */

/* Begin PBXFrameworksBuildPhase section */
		BA48A4EE215292D80079B6BB /* Frameworks */ = {
			isa = PBXFrameworksBuildPhase;
			buildActionMask = 2147483647;
			files = (
				BABCF6192159CB3D00204DDC /* libGLEW.2.1.0.dylib in Frameworks */,
				BABCF6182159CB2A00204DDC /* libglfw.3.2.dylib in Frameworks */,
			);
			runOnlyForDeploymentPostprocessing = 0;
		};
		BA72D34F215B500F008B052C /* Frameworks */ = {
			isa = PBXFrameworksBuildPhase;
			buildActionMask = 2147483647;
			files = (
				BA72D35A215B5044008B052C /* libglfw.3.2.dylib in Frameworks */,
				BA72D359215B502D008B052C /* libGLEW.2.1.0.dylib in Frameworks */,
			);
			runOnlyForDeploymentPostprocessing = 0;
		};
		BA960C14214F9E060035965C /* Frameworks */ = {
			isa = PBXFrameworksBuildPhase;
			buildActionMask = 2147483647;
			files = (
				BA960C27214F9EE50035965C /* libglfw.3.2.dylib in Frameworks */,
				BA960C25214F9ED50035965C /* libGLEW.2.1.0.dylib in Frameworks */,
				BA960C23214F9EC10035965C /* OpenGL.framework in Frameworks */,
			);
			runOnlyForDeploymentPostprocessing = 0;
		};
		BA960C2B214FE13D0035965C /* Frameworks */ = {
			isa = PBXFrameworksBuildPhase;
			buildActionMask = 2147483647;
			files = (
			);
			runOnlyForDeploymentPostprocessing = 0;
		};
/* End PBXFrameworksBuildPhase section */

/* Begin PBXGroup section */
		BA48A4F2215292D80079B6BB /* Triangle */ = {
			isa = PBXGroup;
			children = (
				BABCF6162159C98C00204DDC /* glad.c */,
				BA48A4F3215292D80079B6BB /* main.cpp */,
				BA96DD472159F37B00577D1D /* main_rec.cpp */,
				BA96DD492159FBB400577D1D /* test.cpp */,
			);
			path = Triangle;
			sourceTree = "<group>";
		};
		BA72D353215B5010008B052C /* Shaders */ = {
			isa = PBXGroup;
			children = (
				BA72D363215B6943008B052C /* my_shaders */,
				BA72D35B215B514D008B052C /* glad.c */,
				BA72D354215B5010008B052C /* main.cpp */,
				BA72D35E215B6288008B052C /* main_rgb.cpp */,
				BA72D360215B67AD008B052C /* shader_s.h */,
				BA72D361215B67E5008B052C /* main_s.cpp */,
				BA72D366215B9A8F008B052C /* test.cpp */,
			);
			path = Shaders;
			sourceTree = "<group>";
		};
		BA72D363215B6943008B052C /* my_shaders */ = {
			isa = PBXGroup;
			children = (
				BA72D369215B9FAA008B052C /* shader.fs */,
				BA72D368215B9FAA008B052C /* shader.vs */,
			);
			path = my_shaders;
			sourceTree = "<group>";
		};
		BA960C0E214F9E060035965C = {
			isa = PBXGroup;
			children = (
				BA960C19214F9E060035965C /* LearnOpenGL */,
				BA48A4F2215292D80079B6BB /* Triangle */,
				BA72D353215B5010008B052C /* Shaders */,
				BA960C18214F9E060035965C /* Products */,
				BA960C21214F9EC10035965C /* Frameworks */,
			);
			sourceTree = "<group>";
		};
		BA960C18214F9E060035965C /* Products */ = {
			isa = PBXGroup;
			children = (
				BA960C17214F9E060035965C /* LearnOpenGL */,
				BA960C2E214FE13D0035965C /* testTarget */,
				BA48A4F1215292D80079B6BB /* Triangle */,
				BA72D352215B500F008B052C /* Shaders */,
			);
			name = Products;
			sourceTree = "<group>";
		};
		BA960C19214F9E060035965C /* LearnOpenGL */ = {
			isa = PBXGroup;
			children = (
				BA960C28214FDE880035965C /* glad.c */,
				BA960C1A214F9E060035965C /* main.cpp */,
			);
			path = LearnOpenGL;
			sourceTree = "<group>";
		};
		BA960C21214F9EC10035965C /* Frameworks */ = {
			isa = PBXGroup;
			children = (
				BA960C26214F9EE50035965C /* libglfw.3.2.dylib */,
				BA960C24214F9ED50035965C /* libGLEW.2.1.0.dylib */,
				BA960C22214F9EC10035965C /* OpenGL.framework */,
			);
			name = Frameworks;
			sourceTree = "<group>";
		};
/* End PBXGroup section */

/* Begin PBXNativeTarget section */
		BA48A4F0215292D80079B6BB /* Triangle */ = {
			isa = PBXNativeTarget;
			buildConfigurationList = BA48A4F7215292D80079B6BB /* Build configuration list for PBXNativeTarget "Triangle" */;
			buildPhases = (
				BA48A4ED215292D80079B6BB /* Sources */,
				BA48A4EE215292D80079B6BB /* Frameworks */,
				BA48A4EF215292D80079B6BB /* CopyFiles */,
			);
			buildRules = (
			);
			dependencies = (
			);
			name = Triangle;
			productName = Triangle;
			productReference = BA48A4F1215292D80079B6BB /* Triangle */;
			productType = "com.apple.product-type.tool";
		};
		BA72D351215B500F008B052C /* Shaders */ = {
			isa = PBXNativeTarget;
			buildConfigurationList = BA72D358215B5010008B052C /* Build configuration list for PBXNativeTarget "Shaders" */;
			buildPhases = (
				BA72D34E215B500F008B052C /* Sources */,
				BA72D34F215B500F008B052C /* Frameworks */,
				BA72D350215B500F008B052C /* CopyFiles */,
			);
			buildRules = (
			);
			dependencies = (
			);
			name = Shaders;
			productName = Shaders;
			productReference = BA72D352215B500F008B052C /* Shaders */;
			productType = "com.apple.product-type.tool";
		};
		BA960C16214F9E060035965C /* LearnOpenGL */ = {
			isa = PBXNativeTarget;
			buildConfigurationList = BA960C1E214F9E060035965C /* Build configuration list for PBXNativeTarget "LearnOpenGL" */;
			buildPhases = (
				BA960C13214F9E060035965C /* Sources */,
				BA960C14214F9E060035965C /* Frameworks */,
				BA960C15214F9E060035965C /* CopyFiles */,
			);
			buildRules = (
			);
			dependencies = (
			);
			name = LearnOpenGL;
			productName = LearnOpenGL;
			productReference = BA960C17214F9E060035965C /* LearnOpenGL */;
			productType = "com.apple.product-type.tool";
		};
		BA960C2D214FE13D0035965C /* testTarget */ = {
			isa = PBXNativeTarget;
			buildConfigurationList = BA960C32214FE13D0035965C /* Build configuration list for PBXNativeTarget "testTarget" */;
			buildPhases = (
				BA960C2A214FE13D0035965C /* Sources */,
				BA960C2B214FE13D0035965C /* Frameworks */,
				BA960C2C214FE13D0035965C /* CopyFiles */,
			);
			buildRules = (
			);
			dependencies = (
			);
			name = testTarget;
			productName = testTarget;
			productReference = BA960C2E214FE13D0035965C /* testTarget */;
			productType = "com.apple.product-type.tool";
		};
/* End PBXNativeTarget section */

/* Begin PBXProject section */
		BA960C0F214F9E060035965C /* Project object */ = {
			isa = PBXProject;
			attributes = {
				LastUpgradeCheck = 0940;
				ORGANIZATIONNAME = Swallow;
				TargetAttributes = {
					BA48A4F0215292D80079B6BB = {
						CreatedOnToolsVersion = 9.4.1;
					};
					BA72D351215B500F008B052C = {
						CreatedOnToolsVersion = 10.0;
					};
					BA960C16214F9E060035965C = {
						CreatedOnToolsVersion = 9.4.1;
					};
					BA960C2D214FE13D0035965C = {
						CreatedOnToolsVersion = 9.4.1;
					};
				};
			};
			buildConfigurationList = BA960C12214F9E060035965C /* Build configuration list for PBXProject "LearnOpenGL" */;
			compatibilityVersion = "Xcode 9.3";
			developmentRegion = en;
			hasScannedForEncodings = 0;
			knownRegions = (
				en,
			);
			mainGroup = BA960C0E214F9E060035965C;
			productRefGroup = BA960C18214F9E060035965C /* Products */;
			projectDirPath = "";
			projectRoot = "";
			targets = (
				BA960C16214F9E060035965C /* LearnOpenGL */,
				BA960C2D214FE13D0035965C /* testTarget */,
				BA48A4F0215292D80079B6BB /* Triangle */,
				BA72D351215B500F008B052C /* Shaders */,
			);
		};
/* End PBXProject section */

/* Begin PBXSourcesBuildPhase section */
		BA48A4ED215292D80079B6BB /* Sources */ = {
			isa = PBXSourcesBuildPhase;
			buildActionMask = 2147483647;
			files = (
				BA96DD482159F37B00577D1D /* main_rec.cpp in Sources */,
				BA96DD4A2159FBB400577D1D /* test.cpp in Sources */,
				BA48A4F4215292D80079B6BB /* main.cpp in Sources */,
				BABCF6172159C98C00204DDC /* glad.c in Sources */,
			);
			runOnlyForDeploymentPostprocessing = 0;
		};
		BA72D34E215B500F008B052C /* Sources */ = {
			isa = PBXSourcesBuildPhase;
			buildActionMask = 2147483647;
			files = (
				BA72D35F215B6288008B052C /* main_rgb.cpp in Sources */,
				BA72D355215B5010008B052C /* main.cpp in Sources */,
				BA72D362215B67E5008B052C /* main_s.cpp in Sources */,
				BA72D367215B9A8F008B052C /* test.cpp in Sources */,
				BA72D35D215B5152008B052C /* glad.c in Sources */,
			);
			runOnlyForDeploymentPostprocessing = 0;
		};
		BA960C13214F9E060035965C /* Sources */ = {
			isa = PBXSourcesBuildPhase;
			buildActionMask = 2147483647;
			files = (
				BA960C1B214F9E060035965C /* main.cpp in Sources */,
				BA960C29214FDE890035965C /* glad.c in Sources */,
			);
			runOnlyForDeploymentPostprocessing = 0;
		};
		BA960C2A214FE13D0035965C /* Sources */ = {
			isa = PBXSourcesBuildPhase;
			buildActionMask = 2147483647;
			files = (
			);
			runOnlyForDeploymentPostprocessing = 0;
		};
/* End PBXSourcesBuildPhase section */

/* Begin XCBuildConfiguration section */
		BA48A4F5215292D80079B6BB /* Debug */ = {
			isa = XCBuildConfiguration;
			buildSettings = {
				CODE_SIGN_STYLE = Automatic;
				HEADER_SEARCH_PATHS = (
					/usr/local/include,
					/usr/local/Cellar/glfw/3.2.1/lib,
					"$(inherited)",
					/usr/local/Cellar/gl2w/2.1.0/lib,
				);
				LIBRARY_SEARCH_PATHS = (
					"$(inherited)",
					/usr/local/Cellar/glfw/3.2.1/lib,
					/usr/local/Cellar/glew/2.1.0/lib,
				);
				PRODUCT_NAME = "$(TARGET_NAME)";
			};
			name = Debug;
		};
		BA48A4F6215292D80079B6BB /* Release */ = {
			isa = XCBuildConfiguration;
			buildSettings = {
				CODE_SIGN_STYLE = Automatic;
				HEADER_SEARCH_PATHS = (
					/usr/local/include,
					/usr/local/Cellar/glfw/3.2.1/lib,
					"$(inherited)",
					/usr/local/Cellar/gl2w/2.1.0/lib,
				);
				LIBRARY_SEARCH_PATHS = (
					"$(inherited)",
					/usr/local/Cellar/glfw/3.2.1/lib,
					/usr/local/Cellar/glew/2.1.0/lib,
				);
				PRODUCT_NAME = "$(TARGET_NAME)";
			};
			name = Release;
		};
		BA72D356215B5010008B052C /* Debug */ = {
			isa = XCBuildConfiguration;
			buildSettings = {
				CODE_SIGN_STYLE = Automatic;
				HEADER_SEARCH_PATHS = (
					"$(inherited)",
					/usr/local/include,
					/usr/local/Cellar/glfw/3.2.1/lib,
					/usr/local/Cellar/gl2w/2.1.0/lib,
				);
				LIBRARY_SEARCH_PATHS = (
					"$(inherited)",
					/usr/local/Cellar/glew/2.1.0/lib,
					/usr/local/Cellar/glfw/3.2.1/lib,
				);
				MACOSX_DEPLOYMENT_TARGET = 10.14;
				MTL_ENABLE_DEBUG_INFO = INCLUDE_SOURCE;
				MTL_FAST_MATH = YES;
				PRODUCT_NAME = "$(TARGET_NAME)";
			};
			name = Debug;
		};
		BA72D357215B5010008B052C /* Release */ = {
			isa = XCBuildConfiguration;
			buildSettings = {
				CODE_SIGN_STYLE = Automatic;
				HEADER_SEARCH_PATHS = (
					"$(inherited)",
					/usr/local/include,
					/usr/local/Cellar/glfw/3.2.1/lib,
					/usr/local/Cellar/gl2w/2.1.0/lib,
				);
				LIBRARY_SEARCH_PATHS = (
					"$(inherited)",
					/usr/local/Cellar/glew/2.1.0/lib,
					/usr/local/Cellar/glfw/3.2.1/lib,
				);
				MACOSX_DEPLOYMENT_TARGET = 10.14;
				MTL_FAST_MATH = YES;
				PRODUCT_NAME = "$(TARGET_NAME)";
			};
			name = Release;
		};
		BA960C1C214F9E060035965C /* Debug */ = {
			isa = XCBuildConfiguration;
			buildSettings = {
				ALWAYS_SEARCH_USER_PATHS = NO;
				CLANG_ANALYZER_NONNULL = YES;
				CLANG_ANALYZER_NUMBER_OBJECT_CONVERSION = YES_AGGRESSIVE;
				CLANG_CXX_LANGUAGE_STANDARD = "gnu++14";
				CLANG_CXX_LIBRARY = "libc++";
				CLANG_ENABLE_MODULES = YES;
				CLANG_ENABLE_OBJC_ARC = YES;
				CLANG_ENABLE_OBJC_WEAK = YES;
				CLANG_WARN_BLOCK_CAPTURE_AUTORELEASING = YES;
				CLANG_WARN_BOOL_CONVERSION = YES;
				CLANG_WARN_COMMA = YES;
				CLANG_WARN_CONSTANT_CONVERSION = YES;
				CLANG_WARN_DEPRECATED_OBJC_IMPLEMENTATIONS = YES;
				CLANG_WARN_DIRECT_OBJC_ISA_USAGE = YES_ERROR;
				CLANG_WARN_DOCUMENTATION_COMMENTS = YES;
				CLANG_WARN_EMPTY_BODY = YES;
				CLANG_WARN_ENUM_CONVERSION = YES;
				CLANG_WARN_INFINITE_RECURSION = YES;
				CLANG_WARN_INT_CONVERSION = YES;
				CLANG_WARN_NON_LITERAL_NULL_CONVERSION = YES;
				CLANG_WARN_OBJC_IMPLICIT_RETAIN_SELF = YES;
				CLANG_WARN_OBJC_LITERAL_CONVERSION = YES;
				CLANG_WARN_OBJC_ROOT_CLASS = YES_ERROR;
				CLANG_WARN_RANGE_LOOP_ANALYSIS = YES;
				CLANG_WARN_STRICT_PROTOTYPES = YES;
				CLANG_WARN_SUSPICIOUS_MOVE = YES;
				CLANG_WARN_UNGUARDED_AVAILABILITY = YES_AGGRESSIVE;
				CLANG_WARN_UNREACHABLE_CODE = YES;
				CLANG_WARN__DUPLICATE_METHOD_MATCH = YES;
				CODE_SIGN_IDENTITY = "-";
				COPY_PHASE_STRIP = NO;
				DEBUG_INFORMATION_FORMAT = dwarf;
				ENABLE_STRICT_OBJC_MSGSEND = YES;
				ENABLE_TESTABILITY = YES;
				GCC_C_LANGUAGE_STANDARD = gnu11;
				GCC_DYNAMIC_NO_PIC = NO;
				GCC_NO_COMMON_BLOCKS = YES;
				GCC_OPTIMIZATION_LEVEL = 0;
				GCC_PREPROCESSOR_DEFINITIONS = (
					"DEBUG=1",
					"$(inherited)",
				);
				GCC_WARN_64_TO_32_BIT_CONVERSION = YES;
				GCC_WARN_ABOUT_RETURN_TYPE = YES_ERROR;
				GCC_WARN_UNDECLARED_SELECTOR = YES;
				GCC_WARN_UNINITIALIZED_AUTOS = YES_AGGRESSIVE;
				GCC_WARN_UNUSED_FUNCTION = YES;
				GCC_WARN_UNUSED_VARIABLE = YES;
				MACOSX_DEPLOYMENT_TARGET = 10.13;
				MTL_ENABLE_DEBUG_INFO = YES;
				ONLY_ACTIVE_ARCH = YES;
				SDKROOT = macosx;
			};
			name = Debug;
		};
		BA960C1D214F9E060035965C /* Release */ = {
			isa = XCBuildConfiguration;
			buildSettings = {
				ALWAYS_SEARCH_USER_PATHS = NO;
				CLANG_ANALYZER_NONNULL = YES;
				CLANG_ANALYZER_NUMBER_OBJECT_CONVERSION = YES_AGGRESSIVE;
				CLANG_CXX_LANGUAGE_STANDARD = "gnu++14";
				CLANG_CXX_LIBRARY = "libc++";
				CLANG_ENABLE_MODULES = YES;
				CLANG_ENABLE_OBJC_ARC = YES;
				CLANG_ENABLE_OBJC_WEAK = YES;
				CLANG_WARN_BLOCK_CAPTURE_AUTORELEASING = YES;
				CLANG_WARN_BOOL_CONVERSION = YES;
				CLANG_WARN_COMMA = YES;
				CLANG_WARN_CONSTANT_CONVERSION = YES;
				CLANG_WARN_DEPRECATED_OBJC_IMPLEMENTATIONS = YES;
				CLANG_WARN_DIRECT_OBJC_ISA_USAGE = YES_ERROR;
				CLANG_WARN_DOCUMENTATION_COMMENTS = YES;
				CLANG_WARN_EMPTY_BODY = YES;
				CLANG_WARN_ENUM_CONVERSION = YES;
				CLANG_WARN_INFINITE_RECURSION = YES;
				CLANG_WARN_INT_CONVERSION = YES;
				CLANG_WARN_NON_LITERAL_NULL_CONVERSION = YES;
				CLANG_WARN_OBJC_IMPLICIT_RETAIN_SELF = YES;
				CLANG_WARN_OBJC_LITERAL_CONVERSION = YES;
				CLANG_WARN_OBJC_ROOT_CLASS = YES_ERROR;
				CLANG_WARN_RANGE_LOOP_ANALYSIS = YES;
				CLANG_WARN_STRICT_PROTOTYPES = YES;
				CLANG_WARN_SUSPICIOUS_MOVE = YES;
				CLANG_WARN_UNGUARDED_AVAILABILITY = YES_AGGRESSIVE;
				CLANG_WARN_UNREACHABLE_CODE = YES;
				CLANG_WARN__DUPLICATE_METHOD_MATCH = YES;
				CODE_SIGN_IDENTITY = "-";
				COPY_PHASE_STRIP = NO;
				DEBUG_INFORMATION_FORMAT = "dwarf-with-dsym";
				ENABLE_NS_ASSERTIONS = NO;
				ENABLE_STRICT_OBJC_MSGSEND = YES;
				GCC_C_LANGUAGE_STANDARD = gnu11;
				GCC_NO_COMMON_BLOCKS = YES;
				GCC_WARN_64_TO_32_BIT_CONVERSION = YES;
				GCC_WARN_ABOUT_RETURN_TYPE = YES_ERROR;
				GCC_WARN_UNDECLARED_SELECTOR = YES;
				GCC_WARN_UNINITIALIZED_AUTOS = YES_AGGRESSIVE;
				GCC_WARN_UNUSED_FUNCTION = YES;
				GCC_WARN_UNUSED_VARIABLE = YES;
				MACOSX_DEPLOYMENT_TARGET = 10.13;
				MTL_ENABLE_DEBUG_INFO = NO;
				SDKROOT = macosx;
			};
			name = Release;
		};
		BA960C1F214F9E060035965C /* Debug */ = {
			isa = XCBuildConfiguration;
			buildSettings = {
				CODE_SIGN_STYLE = Automatic;
				HEADER_SEARCH_PATHS = (
					"$(glfw_header)",
					"$(glew_header)",
					/usr/local/include,
				);
				LIBRARY_SEARCH_PATHS = (
					"$(glew_lib)",
					"$(glfw_lib)",
					/usr/local/Cellar/glew/2.1.0/lib,
					/usr/local/Cellar/glfw/3.2.1/lib,
				);
				PRODUCT_NAME = "$(TARGET_NAME)";
			};
			name = Debug;
		};
		BA960C20214F9E060035965C /* Release */ = {
			isa = XCBuildConfiguration;
			buildSettings = {
				CODE_SIGN_STYLE = Automatic;
				HEADER_SEARCH_PATHS = (
					"$(glfw_header)",
					"$(glew_header)",
					/usr/local/include,
				);
				LIBRARY_SEARCH_PATHS = (
					"$(glew_lib)",
					"$(glfw_lib)",
					/usr/local/Cellar/glew/2.1.0/lib,
					/usr/local/Cellar/glfw/3.2.1/lib,
				);
				PRODUCT_NAME = "$(TARGET_NAME)";
			};
			name = Release;
		};
		BA960C33214FE13D0035965C /* Debug */ = {
			isa = XCBuildConfiguration;
			buildSettings = {
				CODE_SIGN_STYLE = Automatic;
				PRODUCT_NAME = "$(TARGET_NAME)";
			};
			name = Debug;
		};
		BA960C34214FE13D0035965C /* Release */ = {
			isa = XCBuildConfiguration;
			buildSettings = {
				CODE_SIGN_STYLE = Automatic;
				PRODUCT_NAME = "$(TARGET_NAME)";
			};
			name = Release;
		};
/* End XCBuildConfiguration section */

/* Begin XCConfigurationList section */
		BA48A4F7215292D80079B6BB /* Build configuration list for PBXNativeTarget "Triangle" */ = {
			isa = XCConfigurationList;
			buildConfigurations = (
				BA48A4F5215292D80079B6BB /* Debug */,
				BA48A4F6215292D80079B6BB /* Release */,
			);
			defaultConfigurationIsVisible = 0;
			defaultConfigurationName = Release;
		};
		BA72D358215B5010008B052C /* Build configuration list for PBXNativeTarget "Shaders" */ = {
			isa = XCConfigurationList;
			buildConfigurations = (
				BA72D356215B5010008B052C /* Debug */,
				BA72D357215B5010008B052C /* Release */,
			);
			defaultConfigurationIsVisible = 0;
			defaultConfigurationName = Release;
		};
		BA960C12214F9E060035965C /* Build configuration list for PBXProject "LearnOpenGL" */ = {
			isa = XCConfigurationList;
			buildConfigurations = (
				BA960C1C214F9E060035965C /* Debug */,
				BA960C1D214F9E060035965C /* Release */,
			);
			defaultConfigurationIsVisible = 0;
			defaultConfigurationName = Release;
		};
		BA960C1E214F9E060035965C /* Build configuration list for PBXNativeTarget "LearnOpenGL" */ = {
			isa = XCConfigurationList;
			buildConfigurations = (
				BA960C1F214F9E060035965C /* Debug */,
				BA960C20214F9E060035965C /* Release */,
			);
			defaultConfigurationIsVisible = 0;
			defaultConfigurationName = Release;
		};
		BA960C32214FE13D0035965C /* Build configuration list for PBXNativeTarget "testTarget" */ = {
			isa = XCConfigurationList;
			buildConfigurations = (
				BA960C33214FE13D0035965C /* Debug */,
				BA960C34214FE13D0035965C /* Release */,
			);
			defaultConfigurationIsVisible = 0;
			defaultConfigurationName = Release;
		};
/* End XCConfigurationList section */
	};
	rootObject = BA960C0F214F9E060035965C /* Project object */;
}
